// !$*UTF8*$!
{
	archiveVersion = 1;
	classes = {
	};
	objectVersion = 56;
	objects = {

/* Begin PBXBuildFile section */
		66EDA78E2BA18B320001DE4C /* PopupUI_demoApp.swift in Sources */ = {isa = PBXBuildFile; fileRef = 66EDA78D2BA18B320001DE4C /* PopupUI_demoApp.swift */; };
		66EDA7902BA18B320001DE4C /* ContentView.swift in Sources */ = {isa = PBXBuildFile; fileRef = 66EDA78F2BA18B320001DE4C /* ContentView.swift */; };
		66EDA7922BA18B330001DE4C /* Assets.xcassets in Resources */ = {isa = PBXBuildFile; fileRef = 66EDA7912BA18B330001DE4C /* Assets.xcassets */; };
		66EDA7952BA18B330001DE4C /* Preview Assets.xcassets in Resources */ = {isa = PBXBuildFile; fileRef = 66EDA7942BA18B330001DE4C /* Preview Assets.xcassets */; };
		66EDA79C2BA18BBA0001DE4C /* PopupUI.swift in Sources */ = {isa = PBXBuildFile; fileRef = 66EDA79B2BA18BBA0001DE4C /* PopupUI.swift */; };
		66EDA79E2BA18BFA0001DE4C /* PopupConfiguration.swift in Sources */ = {isa = PBXBuildFile; fileRef = 66EDA79D2BA18BFA0001DE4C /* PopupConfiguration.swift */; };
		66EDA7A02BA18D0F0001DE4C /* PopupView.swift in Sources */ = {isa = PBXBuildFile; fileRef = 66EDA79F2BA18D0F0001DE4C /* PopupView.swift */; };
		66EDA7A32BA1A1970001DE4C /* PopupModifier.swift in Sources */ = {isa = PBXBuildFile; fileRef = 66EDA7A22BA1A1970001DE4C /* PopupModifier.swift */; };
		66EDA7A72BA1A7C60001DE4C /* PopupAnimation.swift in Sources */ = {isa = PBXBuildFile; fileRef = 66EDA7A62BA1A7C60001DE4C /* PopupAnimation.swift */; };
		66EDA7A92BA29F6A0001DE4C /* AnyCustomView.swift in Sources */ = {isa = PBXBuildFile; fileRef = 66EDA7A82BA29F6A0001DE4C /* AnyCustomView.swift */; };
/* End PBXBuildFile section */

/* Begin PBXFileReference section */
		66EDA78A2BA18B320001DE4C /* PopupUI-demo.app */ = {isa = PBXFileReference; explicitFileType = wrapper.application; includeInIndex = 0; path = "PopupUI-demo.app"; sourceTree = BUILT_PRODUCTS_DIR; };
		66EDA78D2BA18B320001DE4C /* PopupUI_demoApp.swift */ = {isa = PBXFileReference; lastKnownFileType = sourcecode.swift; path = PopupUI_demoApp.swift; sourceTree = "<group>"; };
		66EDA78F2BA18B320001DE4C /* ContentView.swift */ = {isa = PBXFileReference; lastKnownFileType = sourcecode.swift; path = ContentView.swift; sourceTree = "<group>"; };
		66EDA7912BA18B330001DE4C /* Assets.xcassets */ = {isa = PBXFileReference; lastKnownFileType = folder.assetcatalog; path = Assets.xcassets; sourceTree = "<group>"; };
		66EDA7942BA18B330001DE4C /* Preview Assets.xcassets */ = {isa = PBXFileReference; lastKnownFileType = folder.assetcatalog; path = "Preview Assets.xcassets"; sourceTree = "<group>"; };
		66EDA79B2BA18BBA0001DE4C /* PopupUI.swift */ = {isa = PBXFileReference; lastKnownFileType = sourcecode.swift; path = PopupUI.swift; sourceTree = "<group>"; };
		66EDA79D2BA18BFA0001DE4C /* PopupConfiguration.swift */ = {isa = PBXFileReference; lastKnownFileType = sourcecode.swift; path = PopupConfiguration.swift; sourceTree = "<group>"; };
		66EDA79F2BA18D0F0001DE4C /* PopupView.swift */ = {isa = PBXFileReference; lastKnownFileType = sourcecode.swift; path = PopupView.swift; sourceTree = "<group>"; };
		66EDA7A22BA1A1970001DE4C /* PopupModifier.swift */ = {isa = PBXFileReference; lastKnownFileType = sourcecode.swift; path = PopupModifier.swift; sourceTree = "<group>"; };
		66EDA7A62BA1A7C60001DE4C /* PopupAnimation.swift */ = {isa = PBXFileReference; lastKnownFileType = sourcecode.swift; path = PopupAnimation.swift; sourceTree = "<group>"; };
		66EDA7A82BA29F6A0001DE4C /* AnyCustomView.swift */ = {isa = PBXFileReference; lastKnownFileType = sourcecode.swift; path = AnyCustomView.swift; sourceTree = "<group>"; };
/* End PBXFileReference section */

/* Begin PBXFrameworksBuildPhase section */
		66EDA7872BA18B320001DE4C /* Frameworks */ = {
			isa = PBXFrameworksBuildPhase;
			buildActionMask = 2147483647;
			files = (
			);
			runOnlyForDeploymentPostprocessing = 0;
		};
/* End PBXFrameworksBuildPhase section */

/* Begin PBXGroup section */
		66EDA7812BA18B320001DE4C = {
			isa = PBXGroup;
			children = (
				66EDA78C2BA18B320001DE4C /* PopupUI-demo */,
				66EDA78B2BA18B320001DE4C /* Products */,
			);
			sourceTree = "<group>";
		};
		66EDA78B2BA18B320001DE4C /* Products */ = {
			isa = PBXGroup;
			children = (
				66EDA78A2BA18B320001DE4C /* PopupUI-demo.app */,
			);
			name = Products;
			sourceTree = "<group>";
		};
		66EDA78C2BA18B320001DE4C /* PopupUI-demo */ = {
			isa = PBXGroup;
			children = (
				66EDA78D2BA18B320001DE4C /* PopupUI_demoApp.swift */,
				66EDA78F2BA18B320001DE4C /* ContentView.swift */,
				66EDA7A82BA29F6A0001DE4C /* AnyCustomView.swift */,
				66EDA7A12BA1941A0001DE4C /* Source */,
				66EDA7912BA18B330001DE4C /* Assets.xcassets */,
				66EDA7932BA18B330001DE4C /* Preview Content */,
			);
			path = "PopupUI-demo";
			sourceTree = "<group>";
		};
		66EDA7932BA18B330001DE4C /* Preview Content */ = {
			isa = PBXGroup;
			children = (
				66EDA7942BA18B330001DE4C /* Preview Assets.xcassets */,
			);
			path = "Preview Content";
			sourceTree = "<group>";
		};
		66EDA7A12BA1941A0001DE4C /* Source */ = {
			isa = PBXGroup;
			children = (
				66EDA79B2BA18BBA0001DE4C /* PopupUI.swift */,
				66EDA79F2BA18D0F0001DE4C /* PopupView.swift */,
				66EDA79D2BA18BFA0001DE4C /* PopupConfiguration.swift */,
				66EDA7A22BA1A1970001DE4C /* PopupModifier.swift */,
				66EDA7A62BA1A7C60001DE4C /* PopupAnimation.swift */,
			);
			path = Source;
			sourceTree = "<group>";
		};
/* End PBXGroup section */

/* Begin PBXNativeTarget section */
		66EDA7892BA18B320001DE4C /* PopupUI-demo */ = {
			isa = PBXNativeTarget;
			buildConfigurationList = 66EDA7982BA18B330001DE4C /* Build configuration list for PBXNativeTarget "PopupUI-demo" */;
			buildPhases = (
				66EDA7862BA18B320001DE4C /* Sources */,
				66EDA7872BA18B320001DE4C /* Frameworks */,
				66EDA7882BA18B320001DE4C /* Resources */,
			);
			buildRules = (
			);
			dependencies = (
			);
			name = "PopupUI-demo";
			productName = "PopupUI-demo";
			productReference = 66EDA78A2BA18B320001DE4C /* PopupUI-demo.app */;
			productType = "com.apple.product-type.application";
		};
/* End PBXNativeTarget section */

/* Begin PBXProject section */
		66EDA7822BA18B320001DE4C /* Project object */ = {
			isa = PBXProject;
			attributes = {
				BuildIndependentTargetsInParallel = 1;
				LastSwiftUpdateCheck = 1530;
				LastUpgradeCheck = 1530;
				TargetAttributes = {
					66EDA7892BA18B320001DE4C = {
						CreatedOnToolsVersion = 15.3;
					};
				};
			};
			buildConfigurationList = 66EDA7852BA18B320001DE4C /* Build configuration list for PBXProject "PopupUI-demo" */;
			compatibilityVersion = "Xcode 14.0";
			developmentRegion = en;
			hasScannedForEncodings = 0;
			knownRegions = (
				en,
				Base,
			);
			mainGroup = 66EDA7812BA18B320001DE4C;
			productRefGroup = 66EDA78B2BA18B320001DE4C /* Products */;
			projectDirPath = "";
			projectRoot = "";
			targets = (
				66EDA7892BA18B320001DE4C /* PopupUI-demo */,
			);
		};
/* End PBXProject section */

/* Begin PBXResourcesBuildPhase section */
		66EDA7882BA18B320001DE4C /* Resources */ = {
			isa = PBXResourcesBuildPhase;
			buildActionMask = 2147483647;
			files = (
				66EDA7952BA18B330001DE4C /* Preview Assets.xcassets in Resources */,
				66EDA7922BA18B330001DE4C /* Assets.xcassets in Resources */,
			);
			runOnlyForDeploymentPostprocessing = 0;
		};
/* End PBXResourcesBuildPhase section */

/* Begin PBXSourcesBuildPhase section */
		66EDA7862BA18B320001DE4C /* Sources */ = {
			isa = PBXSourcesBuildPhase;
			buildActionMask = 2147483647;
			files = (
				66EDA7902BA18B320001DE4C /* ContentView.swift in Sources */,
				66EDA79C2BA18BBA0001DE4C /* PopupUI.swift in Sources */,
				66EDA78E2BA18B320001DE4C /* PopupUI_demoApp.swift in Sources */,
				66EDA7A72BA1A7C60001DE4C /* PopupAnimation.swift in Sources */,
				66EDA7A32BA1A1970001DE4C /* PopupModifier.swift in Sources */,
				66EDA7A02BA18D0F0001DE4C /* PopupView.swift in Sources */,
				66EDA79E2BA18BFA0001DE4C /* PopupConfiguration.swift in Sources */,
				66EDA7A92BA29F6A0001DE4C /* AnyCustomView.swift in Sources */,
			);
			runOnlyForDeploymentPostprocessing = 0;
		};
/* End PBXSourcesBuildPhase section */

/* Begin XCBuildConfiguration section */
		66EDA7962BA18B330001DE4C /* Debug */ = {
			isa = XCBuildConfiguration;
			buildSettings = {
				ALWAYS_SEARCH_USER_PATHS = NO;
				ASSETCATALOG_COMPILER_GENERATE_SWIFT_ASSET_SYMBOL_EXTENSIONS = YES;
				CLANG_ANALYZER_NONNULL = YES;
				CLANG_ANALYZER_NUMBER_OBJECT_CONVERSION = YES_AGGRESSIVE;
				CLANG_CXX_LANGUAGE_STANDARD = "gnu++20";
				CLANG_ENABLE_MODULES = YES;
				CLANG_ENABLE_OBJC_ARC = YES;
				CLANG_ENABLE_OBJC_WEAK = YES;
				CLANG_WARN_BLOCK_CAPTURE_AUTORELEASING = YES;
				CLANG_WARN_BOOL_CONVERSION = YES;
				CLANG_WARN_COMMA = YES;
				CLANG_WARN_CONSTANT_CONVERSION = YES;
				CLANG_WARN_DEPRECATED_OBJC_IMPLEMENTATIONS = YES;
				CLANG_WARN_DIRECT_OBJC_ISA_USAGE = YES_ERROR;
				CLANG_WARN_DOCUMENTATION_COMMENTS = YES;
				CLANG_WARN_EMPTY_BODY = YES;
				CLANG_WARN_ENUM_CONVERSION = YES;
				CLANG_WARN_INFINITE_RECURSION = YES;
				CLANG_WARN_INT_CONVERSION = YES;
				CLANG_WARN_NON_LITERAL_NULL_CONVERSION = YES;
				CLANG_WARN_OBJC_IMPLICIT_RETAIN_SELF = YES;
				CLANG_WARN_OBJC_LITERAL_CONVERSION = YES;
				CLANG_WARN_OBJC_ROOT_CLASS = YES_ERROR;
				CLANG_WARN_QUOTED_INCLUDE_IN_FRAMEWORK_HEADER = YES;
				CLANG_WARN_RANGE_LOOP_ANALYSIS = YES;
				CLANG_WARN_STRICT_PROTOTYPES = YES;
				CLANG_WARN_SUSPICIOUS_MOVE = YES;
				CLANG_WARN_UNGUARDED_AVAILABILITY = YES_AGGRESSIVE;
				CLANG_WARN_UNREACHABLE_CODE = YES;
				CLANG_WARN__DUPLICATE_METHOD_MATCH = YES;
				COPY_PHASE_STRIP = NO;
				DEBUG_INFORMATION_FORMAT = dwarf;
				ENABLE_STRICT_OBJC_MSGSEND = YES;
				ENABLE_TESTABILITY = YES;
				ENABLE_USER_SCRIPT_SANDBOXING = YES;
				GCC_C_LANGUAGE_STANDARD = gnu17;
				GCC_DYNAMIC_NO_PIC = NO;
				GCC_NO_COMMON_BLOCKS = YES;
				GCC_OPTIMIZATION_LEVEL = 0;
				GCC_PREPROCESSOR_DEFINITIONS = (
					"DEBUG=1",
					"$(inherited)",
				);
				GCC_WARN_64_TO_32_BIT_CONVERSION = YES;
				GCC_WARN_ABOUT_RETURN_TYPE = YES_ERROR;
				GCC_WARN_UNDECLARED_SELECTOR = YES;
				GCC_WARN_UNINITIALIZED_AUTOS = YES_AGGRESSIVE;
				GCC_WARN_UNUSED_FUNCTION = YES;
				GCC_WARN_UNUSED_VARIABLE = YES;
				IPHONEOS_DEPLOYMENT_TARGET = 15.0;
				LOCALIZATION_PREFERS_STRING_CATALOGS = YES;
				MTL_ENABLE_DEBUG_INFO = INCLUDE_SOURCE;
				MTL_FAST_MATH = YES;
				ONLY_ACTIVE_ARCH = YES;
				SDKROOT = iphoneos;
				SWIFT_ACTIVE_COMPILATION_CONDITIONS = "DEBUG $(inherited)";
				SWIFT_OPTIMIZATION_LEVEL = "-Onone";
			};
			name = Debug;
		};
		66EDA7972BA18B330001DE4C /* Release */ = {
			isa = XCBuildConfiguration;
			buildSettings = {
				ALWAYS_SEARCH_USER_PATHS = NO;
				ASSETCATALOG_COMPILER_GENERATE_SWIFT_ASSET_SYMBOL_EXTENSIONS = YES;
				CLANG_ANALYZER_NONNULL = YES;
				CLANG_ANALYZER_NUMBER_OBJECT_CONVERSION = YES_AGGRESSIVE;
				CLANG_CXX_LANGUAGE_STANDARD = "gnu++20";
				CLANG_ENABLE_MODULES = YES;
				CLANG_ENABLE_OBJC_ARC = YES;
				CLANG_ENABLE_OBJC_WEAK = YES;
				CLANG_WARN_BLOCK_CAPTURE_AUTORELEASING = YES;
				CLANG_WARN_BOOL_CONVERSION = YES;
				CLANG_WARN_COMMA = YES;
				CLANG_WARN_CONSTANT_CONVERSION = YES;
				CLANG_WARN_DEPRECATED_OBJC_IMPLEMENTATIONS = YES;
				CLANG_WARN_DIRECT_OBJC_ISA_USAGE = YES_ERROR;
				CLANG_WARN_DOCUMENTATION_COMMENTS = YES;
				CLANG_WARN_EMPTY_BODY = YES;
				CLANG_WARN_ENUM_CONVERSION = YES;
				CLANG_WARN_INFINITE_RECURSION = YES;
				CLANG_WARN_INT_CONVERSION = YES;
				CLANG_WARN_NON_LITERAL_NULL_CONVERSION = YES;
				CLANG_WARN_OBJC_IMPLICIT_RETAIN_SELF = YES;
				CLANG_WARN_OBJC_LITERAL_CONVERSION = YES;
				CLANG_WARN_OBJC_ROOT_CLASS = YES_ERROR;
				CLANG_WARN_QUOTED_INCLUDE_IN_FRAMEWORK_HEADER = YES;
				CLANG_WARN_RANGE_LOOP_ANALYSIS = YES;
				CLANG_WARN_STRICT_PROTOTYPES = YES;
				CLANG_WARN_SUSPICIOUS_MOVE = YES;
				CLANG_WARN_UNGUARDED_AVAILABILITY = YES_AGGRESSIVE;
				CLANG_WARN_UNREACHABLE_CODE = YES;
				CLANG_WARN__DUPLICATE_METHOD_MATCH = YES;
				COPY_PHASE_STRIP = NO;
				DEBUG_INFORMATION_FORMAT = "dwarf-with-dsym";
				ENABLE_NS_ASSERTIONS = NO;
				ENABLE_STRICT_OBJC_MSGSEND = YES;
				ENABLE_USER_SCRIPT_SANDBOXING = YES;
				GCC_C_LANGUAGE_STANDARD = gnu17;
				GCC_NO_COMMON_BLOCKS = YES;
				GCC_WARN_64_TO_32_BIT_CONVERSION = YES;
				GCC_WARN_ABOUT_RETURN_TYPE = YES_ERROR;
				GCC_WARN_UNDECLARED_SELECTOR = YES;
				GCC_WARN_UNINITIALIZED_AUTOS = YES_AGGRESSIVE;
				GCC_WARN_UNUSED_FUNCTION = YES;
				GCC_WARN_UNUSED_VARIABLE = YES;
				IPHONEOS_DEPLOYMENT_TARGET = 15.0;
				LOCALIZATION_PREFERS_STRING_CATALOGS = YES;
				MTL_ENABLE_DEBUG_INFO = NO;
				MTL_FAST_MATH = YES;
				SDKROOT = iphoneos;
				SWIFT_COMPILATION_MODE = wholemodule;
				VALIDATE_PRODUCT = YES;
			};
			name = Release;
		};
		66EDA7992BA18B330001DE4C /* Debug */ = {
			isa = XCBuildConfiguration;
			buildSettings = {
				ASSETCATALOG_COMPILER_APPICON_NAME = AppIcon;
				ASSETCATALOG_COMPILER_GLOBAL_ACCENT_COLOR_NAME = AccentColor;
				CODE_SIGN_STYLE = Automatic;
				CURRENT_PROJECT_VERSION = 1;
				DEVELOPMENT_ASSET_PATHS = "\"PopupUI-demo/Preview Content\"";
				DEVELOPMENT_TEAM = T9JXS6ZE45;
				ENABLE_PREVIEWS = YES;
				GENERATE_INFOPLIST_FILE = YES;
				INFOPLIST_KEY_UIApplicationSceneManifest_Generation = YES;
				INFOPLIST_KEY_UIApplicationSupportsIndirectInputEvents = YES;
				INFOPLIST_KEY_UILaunchScreen_Generation = YES;
				INFOPLIST_KEY_UISupportedInterfaceOrientations_iPad = "UIInterfaceOrientationPortrait UIInterfaceOrientationPortraitUpsideDown UIInterfaceOrientationLandscapeLeft UIInterfaceOrientationLandscapeRight";
				INFOPLIST_KEY_UISupportedInterfaceOrientations_iPhone = "UIInterfaceOrientationPortrait UIInterfaceOrientationLandscapeLeft UIInterfaceOrientationLandscapeRight";
				IPHONEOS_DEPLOYMENT_TARGET = 15.0;
				LD_RUNPATH_SEARCH_PATHS = (
					"$(inherited)",
					"@executable_path/Frameworks",
				);
				MARKETING_VERSION = 1.0;
				PRODUCT_BUNDLE_IDENTIFIER = demo.pikacode;
				PRODUCT_NAME = "$(TARGET_NAME)";
				SWIFT_EMIT_LOC_STRINGS = YES;
				SWIFT_VERSION = 5.0;
				TARGETED_DEVICE_FAMILY = "1,2";
			};
			name = Debug;
		};
		66EDA79A2BA18B330001DE4C /* Release */ = {
			isa = XCBuildConfiguration;
			buildSettings = {
				ASSETCATALOG_COMPILER_APPICON_NAME = AppIcon;
				ASSETCATALOG_COMPILER_GLOBAL_ACCENT_COLOR_NAME = AccentColor;
				CODE_SIGN_STYLE = Automatic;
				CURRENT_PROJECT_VERSION = 1;
				DEVELOPMENT_ASSET_PATHS = "\"PopupUI-demo/Preview Content\"";
				DEVELOPMENT_TEAM = T9JXS6ZE45;
				ENABLE_PREVIEWS = YES;
				GENERATE_INFOPLIST_FILE = YES;
				INFOPLIST_KEY_UIApplicationSceneManifest_Generation = YES;
				INFOPLIST_KEY_UIApplicationSupportsIndirectInputEvents = YES;
				INFOPLIST_KEY_UILaunchScreen_Generation = YES;
				INFOPLIST_KEY_UISupportedInterfaceOrientations_iPad = "UIInterfaceOrientationPortrait UIInterfaceOrientationPortraitUpsideDown UIInterfaceOrientationLandscapeLeft UIInterfaceOrientationLandscapeRight";
				INFOPLIST_KEY_UISupportedInterfaceOrientations_iPhone = "UIInterfaceOrientationPortrait UIInterfaceOrientationLandscapeLeft UIInterfaceOrientationLandscapeRight";
				IPHONEOS_DEPLOYMENT_TARGET = 15.0;
				LD_RUNPATH_SEARCH_PATHS = (
					"$(inherited)",
					"@executable_path/Frameworks",
				);
				MARKETING_VERSION = 1.0;
				PRODUCT_BUNDLE_IDENTIFIER = demo.pikacode;
				PRODUCT_NAME = "$(TARGET_NAME)";
				SWIFT_EMIT_LOC_STRINGS = YES;
				SWIFT_VERSION = 5.0;
				TARGETED_DEVICE_FAMILY = "1,2";
			};
			name = Release;
		};
/* End XCBuildConfiguration section */

/* Begin XCConfigurationList section */
		66EDA7852BA18B320001DE4C /* Build configuration list for PBXProject "PopupUI-demo" */ = {
			isa = XCConfigurationList;
			buildConfigurations = (
				66EDA7962BA18B330001DE4C /* Debug */,
				66EDA7972BA18B330001DE4C /* Release */,
			);
			defaultConfigurationIsVisible = 0;
			defaultConfigurationName = Release;
		};
		66EDA7982BA18B330001DE4C /* Build configuration list for PBXNativeTarget "PopupUI-demo" */ = {
			isa = XCConfigurationList;
			buildConfigurations = (
				66EDA7992BA18B330001DE4C /* Debug */,
				66EDA79A2BA18B330001DE4C /* Release */,
			);
			defaultConfigurationIsVisible = 0;
			defaultConfigurationName = Release;
		};
/* End XCConfigurationList section */
	};
	rootObject = 66EDA7822BA18B320001DE4C /* Project object */;
}
