// !$*UTF8*$!
{
	archiveVersion = 1;
	classes = {
	};
	objectVersion = 60;
	objects = {

/* Begin PBXBuildFile section */
		2644805B2BA6352E0089B2A4 /* PopupUI in Frameworks */ = {isa = PBXBuildFile; productRef = 2644805A2BA6352E0089B2A4 /* PopupUI */; };
		26F3C6D92BA5EBAC0045F66C /* PopupUI in Frameworks */ = {isa = PBXBuildFile; productRef = 26F3C6D82BA5EBAC0045F66C /* PopupUI */; };
		66B1F4E72BAD11AE00450B68 /* CopyPad.swift in Sources */ = {isa = PBXBuildFile; fileRef = 66B1F4E62BAD11AE00450B68 /* CopyPad.swift */; };
		66B1F4E92BAD12CD00450B68 /* JustText.swift in Sources */ = {isa = PBXBuildFile; fileRef = 66B1F4E82BAD12CD00450B68 /* JustText.swift */; };
		66B1F4EB2BAD158200450B68 /* CenterConfirmDialog.swift in Sources */ = {isa = PBXBuildFile; fileRef = 66B1F4EA2BAD158200450B68 /* CenterConfirmDialog.swift */; };
		66B1F4ED2BAD191300450B68 /* SideSheet.swift in Sources */ = {isa = PBXBuildFile; fileRef = 66B1F4EC2BAD191300450B68 /* SideSheet.swift */; };
		66B1F4EF2BAD2BEA00450B68 /* BottomConfirmDialog.swift in Sources */ = {isa = PBXBuildFile; fileRef = 66B1F4EE2BAD2BEA00450B68 /* BottomConfirmDialog.swift */; };
		66B1F4F12BAD42FB00450B68 /* NotificationView.swift in Sources */ = {isa = PBXBuildFile; fileRef = 66B1F4F02BAD42FB00450B68 /* NotificationView.swift */; };
		66B1F4F32BAD44DB00450B68 /* ToastView.swift in Sources */ = {isa = PBXBuildFile; fileRef = 66B1F4F22BAD44DB00450B68 /* ToastView.swift */; };
		66EDA78E2BA18B320001DE4C /* PopupUI_demoApp.swift in Sources */ = {isa = PBXBuildFile; fileRef = 66EDA78D2BA18B320001DE4C /* PopupUI_demoApp.swift */; };
		66EDA7902BA18B320001DE4C /* ContentView.swift in Sources */ = {isa = PBXBuildFile; fileRef = 66EDA78F2BA18B320001DE4C /* ContentView.swift */; };
		66EDA7922BA18B330001DE4C /* Assets.xcassets in Resources */ = {isa = PBXBuildFile; fileRef = 66EDA7912BA18B330001DE4C /* Assets.xcassets */; };
		66EDA7952BA18B330001DE4C /* Preview Assets.xcassets in Resources */ = {isa = PBXBuildFile; fileRef = 66EDA7942BA18B330001DE4C /* Preview Assets.xcassets */; };
		66EDA7A92BA29F6A0001DE4C /* InputView.swift in Sources */ = {isa = PBXBuildFile; fileRef = 66EDA7A82BA29F6A0001DE4C /* InputView.swift */; };
/* End PBXBuildFile section */

/* Begin PBXFileReference section */
		66B1F4E62BAD11AE00450B68 /* CopyPad.swift */ = {isa = PBXFileReference; lastKnownFileType = sourcecode.swift; path = CopyPad.swift; sourceTree = "<group>"; };
		66B1F4E82BAD12CD00450B68 /* JustText.swift */ = {isa = PBXFileReference; lastKnownFileType = sourcecode.swift; path = JustText.swift; sourceTree = "<group>"; };
		66B1F4EA2BAD158200450B68 /* CenterConfirmDialog.swift */ = {isa = PBXFileReference; lastKnownFileType = sourcecode.swift; path = CenterConfirmDialog.swift; sourceTree = "<group>"; };
		66B1F4EC2BAD191300450B68 /* SideSheet.swift */ = {isa = PBXFileReference; lastKnownFileType = sourcecode.swift; path = SideSheet.swift; sourceTree = "<group>"; };
		66B1F4EE2BAD2BEA00450B68 /* BottomConfirmDialog.swift */ = {isa = PBXFileReference; lastKnownFileType = sourcecode.swift; path = BottomConfirmDialog.swift; sourceTree = "<group>"; };
		66B1F4F02BAD42FB00450B68 /* NotificationView.swift */ = {isa = PBXFileReference; lastKnownFileType = sourcecode.swift; path = NotificationView.swift; sourceTree = "<group>"; };
		66B1F4F22BAD44DB00450B68 /* ToastView.swift */ = {isa = PBXFileReference; lastKnownFileType = sourcecode.swift; path = ToastView.swift; sourceTree = "<group>"; };
		66EDA78A2BA18B320001DE4C /* PopupUI-demo.app */ = {isa = PBXFileReference; explicitFileType = wrapper.application; includeInIndex = 0; path = "PopupUI-demo.app"; sourceTree = BUILT_PRODUCTS_DIR; };
		66EDA78D2BA18B320001DE4C /* PopupUI_demoApp.swift */ = {isa = PBXFileReference; lastKnownFileType = sourcecode.swift; path = PopupUI_demoApp.swift; sourceTree = "<group>"; };
		66EDA78F2BA18B320001DE4C /* ContentView.swift */ = {isa = PBXFileReference; lastKnownFileType = sourcecode.swift; path = ContentView.swift; sourceTree = "<group>"; };
		66EDA7912BA18B330001DE4C /* Assets.xcassets */ = {isa = PBXFileReference; lastKnownFileType = folder.assetcatalog; path = Assets.xcassets; sourceTree = "<group>"; };
		66EDA7942BA18B330001DE4C /* Preview Assets.xcassets */ = {isa = PBXFileReference; lastKnownFileType = folder.assetcatalog; path = "Preview Assets.xcassets"; sourceTree = "<group>"; };
		66EDA7A82BA29F6A0001DE4C /* InputView.swift */ = {isa = PBXFileReference; lastKnownFileType = sourcecode.swift; path = InputView.swift; sourceTree = "<group>"; };
/* End PBXFileReference section */

/* Begin PBXFrameworksBuildPhase section */
		66EDA7872BA18B320001DE4C /* Frameworks */ = {
			isa = PBXFrameworksBuildPhase;
			buildActionMask = 2147483647;
			files = (
				26F3C6D92BA5EBAC0045F66C /* PopupUI in Frameworks */,
				2644805B2BA6352E0089B2A4 /* PopupUI in Frameworks */,
			);
			runOnlyForDeploymentPostprocessing = 0;
		};
/* End PBXFrameworksBuildPhase section */

/* Begin PBXGroup section */
		66B1F4E42BAD10CF00450B68 /* Custom Views */ = {
			isa = PBXGroup;
			children = (
				66EDA7A82BA29F6A0001DE4C /* InputView.swift */,
				66B1F4E82BAD12CD00450B68 /* JustText.swift */,
				66B1F4EA2BAD158200450B68 /* CenterConfirmDialog.swift */,
				66B1F4EC2BAD191300450B68 /* SideSheet.swift */,
				66B1F4EE2BAD2BEA00450B68 /* BottomConfirmDialog.swift */,
				66B1F4F02BAD42FB00450B68 /* NotificationView.swift */,
				66B1F4F22BAD44DB00450B68 /* ToastView.swift */,
				66B1F4E62BAD11AE00450B68 /* CopyPad.swift */,
			);
			path = "Custom Views";
			sourceTree = "<group>";
		};
		66EDA7812BA18B320001DE4C = {
			isa = PBXGroup;
			children = (
				66EDA78C2BA18B320001DE4C /* PopupUI-demo */,
				66EDA78B2BA18B320001DE4C /* Products */,
				66EDA7AB2BA449540001DE4C /* Frameworks */,
			);
			sourceTree = "<group>";
		};
		66EDA78B2BA18B320001DE4C /* Products */ = {
			isa = PBXGroup;
			children = (
				66EDA78A2BA18B320001DE4C /* PopupUI-demo.app */,
			);
			name = Products;
			sourceTree = "<group>";
		};
		66EDA78C2BA18B320001DE4C /* PopupUI-demo */ = {
			isa = PBXGroup;
			children = (
				66EDA78D2BA18B320001DE4C /* PopupUI_demoApp.swift */,
				66EDA78F2BA18B320001DE4C /* ContentView.swift */,
				66B1F4E42BAD10CF00450B68 /* Custom Views */,
				66EDA7912BA18B330001DE4C /* Assets.xcassets */,
				66EDA7932BA18B330001DE4C /* Preview Content */,
			);
			path = "PopupUI-demo";
			sourceTree = "<group>";
		};
		66EDA7932BA18B330001DE4C /* Preview Content */ = {
			isa = PBXGroup;
			children = (
				66EDA7942BA18B330001DE4C /* Preview Assets.xcassets */,
			);
			path = "Preview Content";
			sourceTree = "<group>";
		};
		66EDA7AB2BA449540001DE4C /* Frameworks */ = {
			isa = PBXGroup;
			children = (
			);
			name = Frameworks;
			sourceTree = "<group>";
		};
/* End PBXGroup section */

/* Begin PBXNativeTarget section */
		66EDA7892BA18B320001DE4C /* PopupUI-demo */ = {
			isa = PBXNativeTarget;
			buildConfigurationList = 66EDA7982BA18B330001DE4C /* Build configuration list for PBXNativeTarget "PopupUI-demo" */;
			buildPhases = (
				66EDA7862BA18B320001DE4C /* Sources */,
				66EDA7872BA18B320001DE4C /* Frameworks */,
				66EDA7882BA18B320001DE4C /* Resources */,
			);
			buildRules = (
			);
			dependencies = (
			);
			name = "PopupUI-demo";
			packageProductDependencies = (
				26F3C6D82BA5EBAC0045F66C /* PopupUI */,
				2644805A2BA6352E0089B2A4 /* PopupUI */,
			);
			productName = "PopupUI-demo";
			productReference = 66EDA78A2BA18B320001DE4C /* PopupUI-demo.app */;
			productType = "com.apple.product-type.application";
		};
/* End PBXNativeTarget section */

/* Begin PBXProject section */
		66EDA7822BA18B320001DE4C /* Project object */ = {
			isa = PBXProject;
			attributes = {
				BuildIndependentTargetsInParallel = 1;
				LastSwiftUpdateCheck = 1530;
				LastUpgradeCheck = 1530;
				TargetAttributes = {
					66EDA7892BA18B320001DE4C = {
						CreatedOnToolsVersion = 15.3;
					};
				};
			};
			buildConfigurationList = 66EDA7852BA18B320001DE4C /* Build configuration list for PBXProject "PopupUI-demo" */;
			compatibilityVersion = "Xcode 14.0";
			developmentRegion = en;
			hasScannedForEncodings = 0;
			knownRegions = (
				en,
				Base,
			);
			mainGroup = 66EDA7812BA18B320001DE4C;
			packageReferences = (
				264480592BA6352E0089B2A4 /* XCLocalSwiftPackageReference ".." */,
			);
			productRefGroup = 66EDA78B2BA18B320001DE4C /* Products */;
			projectDirPath = "";
			projectRoot = "";
			targets = (
				66EDA7892BA18B320001DE4C /* PopupUI-demo */,
			);
		};
/* End PBXProject section */

/* Begin PBXResourcesBuildPhase section */
		66EDA7882BA18B320001DE4C /* Resources */ = {
			isa = PBXResourcesBuildPhase;
			buildActionMask = 2147483647;
			files = (
				66EDA7952BA18B330001DE4C /* Preview Assets.xcassets in Resources */,
				66EDA7922BA18B330001DE4C /* Assets.xcassets in Resources */,
			);
			runOnlyForDeploymentPostprocessing = 0;
		};
/* End PBXResourcesBuildPhase section */

/* Begin PBXSourcesBuildPhase section */
		66EDA7862BA18B320001DE4C /* Sources */ = {
			isa = PBXSourcesBuildPhase;
			buildActionMask = 2147483647;
			files = (
				66B1F4EB2BAD158200450B68 /* CenterConfirmDialog.swift in Sources */,
				66B1F4E92BAD12CD00450B68 /* JustText.swift in Sources */,
				66B1F4E72BAD11AE00450B68 /* CopyPad.swift in Sources */,
				66EDA7902BA18B320001DE4C /* ContentView.swift in Sources */,
				66B1F4F32BAD44DB00450B68 /* ToastView.swift in Sources */,
				66B1F4ED2BAD191300450B68 /* SideSheet.swift in Sources */,
				66EDA78E2BA18B320001DE4C /* PopupUI_demoApp.swift in Sources */,
				66EDA7A92BA29F6A0001DE4C /* InputView.swift in Sources */,
				66B1F4EF2BAD2BEA00450B68 /* BottomConfirmDialog.swift in Sources */,
				66B1F4F12BAD42FB00450B68 /* NotificationView.swift in Sources */,
			);
			runOnlyForDeploymentPostprocessing = 0;
		};
/* End PBXSourcesBuildPhase section */

/* Begin XCBuildConfiguration section */
		66EDA7962BA18B330001DE4C /* Debug */ = {
			isa = XCBuildConfiguration;
			buildSettings = {
				ALWAYS_SEARCH_USER_PATHS = NO;
				ASSETCATALOG_COMPILER_GENERATE_SWIFT_ASSET_SYMBOL_EXTENSIONS = YES;
				CLANG_ANALYZER_NONNULL = YES;
				CLANG_ANALYZER_NUMBER_OBJECT_CONVERSION = YES_AGGRESSIVE;
				CLANG_CXX_LANGUAGE_STANDARD = "gnu++20";
				CLANG_ENABLE_MODULES = YES;
				CLANG_ENABLE_OBJC_ARC = YES;
				CLANG_ENABLE_OBJC_WEAK = YES;
				CLANG_WARN_BLOCK_CAPTURE_AUTORELEASING = YES;
				CLANG_WARN_BOOL_CONVERSION = YES;
				CLANG_WARN_COMMA = YES;
				CLANG_WARN_CONSTANT_CONVERSION = YES;
				CLANG_WARN_DEPRECATED_OBJC_IMPLEMENTATIONS = YES;
				CLANG_WARN_DIRECT_OBJC_ISA_USAGE = YES_ERROR;
				CLANG_WARN_DOCUMENTATION_COMMENTS = YES;
				CLANG_WARN_EMPTY_BODY = YES;
				CLANG_WARN_ENUM_CONVERSION = YES;
				CLANG_WARN_INFINITE_RECURSION = YES;
				CLANG_WARN_INT_CONVERSION = YES;
				CLANG_WARN_NON_LITERAL_NULL_CONVERSION = YES;
				CLANG_WARN_OBJC_IMPLICIT_RETAIN_SELF = YES;
				CLANG_WARN_OBJC_LITERAL_CONVERSION = YES;
				CLANG_WARN_OBJC_ROOT_CLASS = YES_ERROR;
				CLANG_WARN_QUOTED_INCLUDE_IN_FRAMEWORK_HEADER = YES;
				CLANG_WARN_RANGE_LOOP_ANALYSIS = YES;
				CLANG_WARN_STRICT_PROTOTYPES = YES;
				CLANG_WARN_SUSPICIOUS_MOVE = YES;
				CLANG_WARN_UNGUARDED_AVAILABILITY = YES_AGGRESSIVE;
				CLANG_WARN_UNREACHABLE_CODE = YES;
				CLANG_WARN__DUPLICATE_METHOD_MATCH = YES;
				COPY_PHASE_STRIP = NO;
				DEBUG_INFORMATION_FORMAT = dwarf;
				ENABLE_STRICT_OBJC_MSGSEND = YES;
				ENABLE_TESTABILITY = YES;
				ENABLE_USER_SCRIPT_SANDBOXING = YES;
				GCC_C_LANGUAGE_STANDARD = gnu17;
				GCC_DYNAMIC_NO_PIC = NO;
				GCC_NO_COMMON_BLOCKS = YES;
				GCC_OPTIMIZATION_LEVEL = 0;
				GCC_PREPROCESSOR_DEFINITIONS = (
					"DEBUG=1",
					"$(inherited)",
				);
				GCC_WARN_64_TO_32_BIT_CONVERSION = YES;
				GCC_WARN_ABOUT_RETURN_TYPE = YES_ERROR;
				GCC_WARN_UNDECLARED_SELECTOR = YES;
				GCC_WARN_UNINITIALIZED_AUTOS = YES_AGGRESSIVE;
				GCC_WARN_UNUSED_FUNCTION = YES;
				GCC_WARN_UNUSED_VARIABLE = YES;
				IPHONEOS_DEPLOYMENT_TARGET = 15.0;
				LOCALIZATION_PREFERS_STRING_CATALOGS = YES;
				MTL_ENABLE_DEBUG_INFO = INCLUDE_SOURCE;
				MTL_FAST_MATH = YES;
				ONLY_ACTIVE_ARCH = YES;
				SDKROOT = iphoneos;
				SWIFT_ACTIVE_COMPILATION_CONDITIONS = "DEBUG $(inherited)";
				SWIFT_OPTIMIZATION_LEVEL = "-Onone";
			};
			name = Debug;
		};
		66EDA7972BA18B330001DE4C /* Release */ = {
			isa = XCBuildConfiguration;
			buildSettings = {
				ALWAYS_SEARCH_USER_PATHS = NO;
				ASSETCATALOG_COMPILER_GENERATE_SWIFT_ASSET_SYMBOL_EXTENSIONS = YES;
				CLANG_ANALYZER_NONNULL = YES;
				CLANG_ANALYZER_NUMBER_OBJECT_CONVERSION = YES_AGGRESSIVE;
				CLANG_CXX_LANGUAGE_STANDARD = "gnu++20";
				CLANG_ENABLE_MODULES = YES;
				CLANG_ENABLE_OBJC_ARC = YES;
				CLANG_ENABLE_OBJC_WEAK = YES;
				CLANG_WARN_BLOCK_CAPTURE_AUTORELEASING = YES;
				CLANG_WARN_BOOL_CONVERSION = YES;
				CLANG_WARN_COMMA = YES;
				CLANG_WARN_CONSTANT_CONVERSION = YES;
				CLANG_WARN_DEPRECATED_OBJC_IMPLEMENTATIONS = YES;
				CLANG_WARN_DIRECT_OBJC_ISA_USAGE = YES_ERROR;
				CLANG_WARN_DOCUMENTATION_COMMENTS = YES;
				CLANG_WARN_EMPTY_BODY = YES;
				CLANG_WARN_ENUM_CONVERSION = YES;
				CLANG_WARN_INFINITE_RECURSION = YES;
				CLANG_WARN_INT_CONVERSION = YES;
				CLANG_WARN_NON_LITERAL_NULL_CONVERSION = YES;
				CLANG_WARN_OBJC_IMPLICIT_RETAIN_SELF = YES;
				CLANG_WARN_OBJC_LITERAL_CONVERSION = YES;
				CLANG_WARN_OBJC_ROOT_CLASS = YES_ERROR;
				CLANG_WARN_QUOTED_INCLUDE_IN_FRAMEWORK_HEADER = YES;
				CLANG_WARN_RANGE_LOOP_ANALYSIS = YES;
				CLANG_WARN_STRICT_PROTOTYPES = YES;
				CLANG_WARN_SUSPICIOUS_MOVE = YES;
				CLANG_WARN_UNGUARDED_AVAILABILITY = YES_AGGRESSIVE;
				CLANG_WARN_UNREACHABLE_CODE = YES;
				CLANG_WARN__DUPLICATE_METHOD_MATCH = YES;
				COPY_PHASE_STRIP = NO;
				DEBUG_INFORMATION_FORMAT = "dwarf-with-dsym";
				ENABLE_NS_ASSERTIONS = NO;
				ENABLE_STRICT_OBJC_MSGSEND = YES;
				ENABLE_USER_SCRIPT_SANDBOXING = YES;
				GCC_C_LANGUAGE_STANDARD = gnu17;
				GCC_NO_COMMON_BLOCKS = YES;
				GCC_WARN_64_TO_32_BIT_CONVERSION = YES;
				GCC_WARN_ABOUT_RETURN_TYPE = YES_ERROR;
				GCC_WARN_UNDECLARED_SELECTOR = YES;
				GCC_WARN_UNINITIALIZED_AUTOS = YES_AGGRESSIVE;
				GCC_WARN_UNUSED_FUNCTION = YES;
				GCC_WARN_UNUSED_VARIABLE = YES;
				IPHONEOS_DEPLOYMENT_TARGET = 15.0;
				LOCALIZATION_PREFERS_STRING_CATALOGS = YES;
				MTL_ENABLE_DEBUG_INFO = NO;
				MTL_FAST_MATH = YES;
				SDKROOT = iphoneos;
				SWIFT_COMPILATION_MODE = wholemodule;
				VALIDATE_PRODUCT = YES;
			};
			name = Release;
		};
		66EDA7992BA18B330001DE4C /* Debug */ = {
			isa = XCBuildConfiguration;
			buildSettings = {
				ASSETCATALOG_COMPILER_APPICON_NAME = AppIcon;
				ASSETCATALOG_COMPILER_GLOBAL_ACCENT_COLOR_NAME = AccentColor;
				CODE_SIGN_STYLE = Automatic;
				CURRENT_PROJECT_VERSION = 1;
				DEVELOPMENT_ASSET_PATHS = "\"PopupUI-demo/Preview Content\"";
				DEVELOPMENT_TEAM = T9JXS6ZE45;
				ENABLE_PREVIEWS = YES;
				GENERATE_INFOPLIST_FILE = YES;
				INFOPLIST_KEY_UIApplicationSceneManifest_Generation = YES;
				INFOPLIST_KEY_UIApplicationSupportsIndirectInputEvents = YES;
				INFOPLIST_KEY_UILaunchScreen_Generation = YES;
				INFOPLIST_KEY_UISupportedInterfaceOrientations_iPad = "UIInterfaceOrientationPortrait UIInterfaceOrientationPortraitUpsideDown UIInterfaceOrientationLandscapeLeft UIInterfaceOrientationLandscapeRight";
				INFOPLIST_KEY_UISupportedInterfaceOrientations_iPhone = "UIInterfaceOrientationPortrait UIInterfaceOrientationLandscapeLeft UIInterfaceOrientationLandscapeRight";
				IPHONEOS_DEPLOYMENT_TARGET = 15.0;
				LD_RUNPATH_SEARCH_PATHS = (
					"$(inherited)",
					"@executable_path/Frameworks",
				);
				MARKETING_VERSION = 1.0;
				PRODUCT_BUNDLE_IDENTIFIER = demo.pikacode;
				PRODUCT_NAME = "$(TARGET_NAME)";
				SWIFT_EMIT_LOC_STRINGS = YES;
				SWIFT_VERSION = 5.0;
				TARGETED_DEVICE_FAMILY = "1,2";
			};
			name = Debug;
		};
		66EDA79A2BA18B330001DE4C /* Release */ = {
			isa = XCBuildConfiguration;
			buildSettings = {
				ASSETCATALOG_COMPILER_APPICON_NAME = AppIcon;
				ASSETCATALOG_COMPILER_GLOBAL_ACCENT_COLOR_NAME = AccentColor;
				CODE_SIGN_STYLE = Automatic;
				CURRENT_PROJECT_VERSION = 1;
				DEVELOPMENT_ASSET_PATHS = "\"PopupUI-demo/Preview Content\"";
				DEVELOPMENT_TEAM = T9JXS6ZE45;
				ENABLE_PREVIEWS = YES;
				GENERATE_INFOPLIST_FILE = YES;
				INFOPLIST_KEY_UIApplicationSceneManifest_Generation = YES;
				INFOPLIST_KEY_UIApplicationSupportsIndirectInputEvents = YES;
				INFOPLIST_KEY_UILaunchScreen_Generation = YES;
				INFOPLIST_KEY_UISupportedInterfaceOrientations_iPad = "UIInterfaceOrientationPortrait UIInterfaceOrientationPortraitUpsideDown UIInterfaceOrientationLandscapeLeft UIInterfaceOrientationLandscapeRight";
				INFOPLIST_KEY_UISupportedInterfaceOrientations_iPhone = "UIInterfaceOrientationPortrait UIInterfaceOrientationLandscapeLeft UIInterfaceOrientationLandscapeRight";
				IPHONEOS_DEPLOYMENT_TARGET = 15.0;
				LD_RUNPATH_SEARCH_PATHS = (
					"$(inherited)",
					"@executable_path/Frameworks",
				);
				MARKETING_VERSION = 1.0;
				PRODUCT_BUNDLE_IDENTIFIER = demo.pikacode;
				PRODUCT_NAME = "$(TARGET_NAME)";
				SWIFT_EMIT_LOC_STRINGS = YES;
				SWIFT_VERSION = 5.0;
				TARGETED_DEVICE_FAMILY = "1,2";
			};
			name = Release;
		};
/* End XCBuildConfiguration section */

/* Begin XCConfigurationList section */
		66EDA7852BA18B320001DE4C /* Build configuration list for PBXProject "PopupUI-demo" */ = {
			isa = XCConfigurationList;
			buildConfigurations = (
				66EDA7962BA18B330001DE4C /* Debug */,
				66EDA7972BA18B330001DE4C /* Release */,
			);
			defaultConfigurationIsVisible = 0;
			defaultConfigurationName = Release;
		};
		66EDA7982BA18B330001DE4C /* Build configuration list for PBXNativeTarget "PopupUI-demo" */ = {
			isa = XCConfigurationList;
			buildConfigurations = (
				66EDA7992BA18B330001DE4C /* Debug */,
				66EDA79A2BA18B330001DE4C /* Release */,
			);
			defaultConfigurationIsVisible = 0;
			defaultConfigurationName = Release;
		};
/* End XCConfigurationList section */

/* Begin XCLocalSwiftPackageReference section */
		264480592BA6352E0089B2A4 /* XCLocalSwiftPackageReference ".." */ = {
			isa = XCLocalSwiftPackageReference;
			relativePath = ..;
		};
/* End XCLocalSwiftPackageReference section */

/* Begin XCSwiftPackageProductDependency section */
		2644805A2BA6352E0089B2A4 /* PopupUI */ = {
			isa = XCSwiftPackageProductDependency;
			productName = PopupUI;
		};
		26F3C6D82BA5EBAC0045F66C /* PopupUI */ = {
			isa = XCSwiftPackageProductDependency;
			productName = PopupUI;
		};
/* End XCSwiftPackageProductDependency section */
	};
	rootObject = 66EDA7822BA18B320001DE4C /* Project object */;
}
